# This file is automatically @generated by Cargo.
# It is not intended for manual editing.
version = 4

[[package]]
name = "capnp"
version = "0.25.0"
source = "registry+https://github.com/rust-lang/crates.io-index"
checksum = "fe8af2e2d255489928e31504fa51d86a41d040179098a8ad6828e0d11c54dcd6"
dependencies = [
 "embedded-io",
]

[[package]]
name = "capnpc"
version = "0.25.0"
source = "registry+https://github.com/rust-lang/crates.io-index"
checksum = "d6cdfa6b0df161a71201367910265b97180541ecdb48bd08e05ef8694c295d1f"
dependencies = [
 "capnp",
]

[[package]]
name = "embedded-io"
version = "0.7.1"
source = "registry+https://github.com/rust-lang/crates.io-index"
checksum = "9eb1aa714776b75c7e67e1da744b81a129b3ff919c8712b5e1b32252c1f07cc7"

[[package]]
name = "paddle-rs"
version = "0.1.0"
dependencies = [
 "capnp",
 "capnpc",
]
